PODS:
  - AppAuth (1.5.0):
    - AppAuth/Core (= 1.5.0)
    - AppAuth/ExternalUserAgent (= 1.5.0)
  - AppAuth/Core (1.5.0)
  - AppAuth/ExternalUserAgent (1.5.0):
    - AppAuth/Core
  - FBAEMKit (12.1.0):
    - FBSDKCoreKit_Basics (= 12.1.0)
  - FBSDKCoreKit (12.1.0):
    - FBAEMKit (= 12.1.0)
    - FBSDKCoreKit_Basics (= 12.1.0)
  - FBSDKCoreKit_Basics (12.1.0)
  - FBSDKLoginKit (12.1.0):
    - FBSDKCoreKit (= 12.1.0)
  - Flutter (1.0.0)
  - flutter_facebook_auth (3.5.3):
    - FBSDKCoreKit (~> 12.1.0)
    - FBSDKLoginKit (~> 12.1.0)
    - Flutter
  - Gigya (1.3.0)
  - gigya_flutter_plugin (0.1.0):
    - Flutter
    - Gigya (>= 1.3.0)
  - google_sign_in (0.0.1):
    - Flutter
    - GoogleSignIn (~> 5.0)
  - GoogleSignIn (5.0.2):
    - AppAuth (~> 1.2)
    - GTMAppAuth (~> 1.0)
    - GTMSessionFetcher/Core (~> 1.1)
  - GTMAppAuth (1.2.2):
    - AppAuth/Core (~> 1.4)
    - GTMSessionFetcher/Core (~> 1.5)
  - GTMSessionFetcher/Core (1.5.0)

DEPENDENCIES:
  - Flutter (from `Flutter`)
  - flutter_facebook_auth (from `.symlinks/plugins/flutter_facebook_auth/ios`)
  - gigya_flutter_plugin (from `.symlinks/plugins/gigya_flutter_plugin/ios`)
  - google_sign_in (from `.symlinks/plugins/google_sign_in/ios`)

SPEC REPOS:
  trunk:
    - AppAuth
    - FBAEMKit
    - FBSDKCoreKit
    - FBSDKCoreKit_Basics
    - FBSDKLoginKit
    - Gigya
    - GoogleSignIn
    - GTMAppAuth
    - GTMSessionFetcher

EXTERNAL SOURCES:
  Flutter:
    :path: Flutter
  flutter_facebook_auth:
    :path: ".symlinks/plugins/flutter_facebook_auth/ios"
  gigya_flutter_plugin:
    :path: ".symlinks/plugins/gigya_flutter_plugin/ios"
  google_sign_in:
    :path: ".symlinks/plugins/google_sign_in/ios"

SPEC CHECKSUMS:
  AppAuth: 80317d99ac7ff2801a2f18ff86b48cd315ed465d
  FBAEMKit: 56c0bb9b42e3747cd82b67934f0c2b19325382ea
  FBSDKCoreKit: 75368765d9c2303073145a7925dfaa9d60bcd77b
  FBSDKCoreKit_Basics: 39865aff97e5f6951a78fb3e89dc4460e35e1895
  FBSDKLoginKit: e993f97c7cc794c5da4056d8aec3c3d66033a727
  Flutter: 50d75fe2f02b26cc09d224853bb45737f8b3214a
  flutter_facebook_auth: dfd6b2563406c538098e2127512d385c9ffd70ad
  Gigya: cb4c746f78a78ebcc1ec62d304b292a65deb109d
  gigya_flutter_plugin: 21eafd680778d81f68cfd1e6b9e7481071f47620
  google_sign_in: c5cecea71f3be43282263550556e311c4cc03582
  GoogleSignIn: 7137d297ddc022a7e0aa4619c86d72c909fa7213
  GTMAppAuth: ad5c2b70b9a8689e1a04033c9369c4915bfcbe89
  GTMSessionFetcher: b3503b20a988c4e20cc189aa798fd18220133f52

PODFILE CHECKSUM: ef19549a9bc3046e7bb7d2fab4d021637c0c58a3

COCOAPODS: 1.11.3
